
Microsoft Visual Studio Solution File, Format Version 12.00
# Visual Studio 2013
VisualStudioVersion = 12.0.30501.0
MinimumVisualStudioVersion = 10.0.40219.1
Project("{FAE04EC0-301F-11D3-BF4B-00C04F79EFBC}") = "OfficeSamples.Web", "OfficeSamples.Web\OfficeSamples.Web.csproj", "{1F115BC2-00EC-4675-AB79-5D0415FBA57C}"
EndProject
Project("{FAE04EC0-301F-11D3-BF4B-00C04F79EFBC}") = "OfficeSamples.Web.Tests", "OfficeSamples.Web.Tests\OfficeSamples.Web.Tests.csproj", "{9E9C281E-76C4-4AFB-A33C-DBD60FA58C9A}"
EndProject
Project("{2150E333-8FDC-42A3-9474-1A3956D46DE8}") = "Content controls", "Content controls", "{0C191FF0-45C7-460F-AD35-C7D11B7A4A48}"
EndProject
Project("{2150E333-8FDC-42A3-9474-1A3956D46DE8}") = "OPC", "OPC", "{DB304B70-62C1-4F92-A16E-CB3BBCF27C38}"
EndProject
Project("{FAE04EC0-301F-11D3-BF4B-00C04F79EFBC}") = "PackagingAPI", "OPC\PackagingAPI\PackagingAPI.csproj", "{60DFFDC8-7849-4711-9397-FB141B1598D8}"
EndProject
Project("{FAE04EC0-301F-11D3-BF4B-00C04F79EFBC}") = "GenerateWordDocument", "Content controls\GenerateWordDocument\GenerateWordDocument.csproj", "{8DC60ED4-4D23-4551-A2D4-C1E9E78C3DF7}"
EndProject
Project("{2150E333-8FDC-42A3-9474-1A3956D46DE8}") = "OpenXML SDK", "OpenXML SDK", "{8C236904-8439-46A2-A6EA-90630AD2BE76}"
EndProject
Project("{FAE04EC0-301F-11D3-BF4B-00C04F79EFBC}") = "OpenXMLSdkSamples", "OpenXML SDK\OpenXMLSdkSamples\OpenXMLSdkSamples.csproj", "{520F9D7B-2D39-47D8-B3F0-E56738E6C8EE}"
EndProject
Global
	GlobalSection(SolutionConfigurationPlatforms) = preSolution
		Debug|Any CPU = Debug|Any CPU
		Release|Any CPU = Release|Any CPU
	EndGlobalSection
	GlobalSection(ProjectConfigurationPlatforms) = postSolution
		{1F115BC2-00EC-4675-AB79-5D0415FBA57C}.Debug|Any CPU.ActiveCfg = Debug|Any CPU
		{1F115BC2-00EC-4675-AB79-5D0415FBA57C}.Debug|Any CPU.Build.0 = Debug|Any CPU
		{1F115BC2-00EC-4675-AB79-5D0415FBA57C}.Release|Any CPU.ActiveCfg = Release|Any CPU
		{1F115BC2-00EC-4675-AB79-5D0415FBA57C}.Release|Any CPU.Build.0 = Release|Any CPU
		{9E9C281E-76C4-4AFB-A33C-DBD60FA58C9A}.Debug|Any CPU.ActiveCfg = Debug|Any CPU
		{9E9C281E-76C4-4AFB-A33C-DBD60FA58C9A}.Debug|Any CPU.Build.0 = Debug|Any CPU
		{9E9C281E-76C4-4AFB-A33C-DBD60FA58C9A}.Release|Any CPU.ActiveCfg = Release|Any CPU
		{9E9C281E-76C4-4AFB-A33C-DBD60FA58C9A}.Release|Any CPU.Build.0 = Release|Any CPU
		{60DFFDC8-7849-4711-9397-FB141B1598D8}.Debug|Any CPU.ActiveCfg = Debug|Any CPU
		{60DFFDC8-7849-4711-9397-FB141B1598D8}.Debug|Any CPU.Build.0 = Debug|Any CPU
		{60DFFDC8-7849-4711-9397-FB141B1598D8}.Release|Any CPU.ActiveCfg = Release|Any CPU
		{60DFFDC8-7849-4711-9397-FB141B1598D8}.Release|Any CPU.Build.0 = Release|Any CPU
		{8DC60ED4-4D23-4551-A2D4-C1E9E78C3DF7}.Debug|Any CPU.ActiveCfg = Debug|Any CPU
		{8DC60ED4-4D23-4551-A2D4-C1E9E78C3DF7}.Debug|Any CPU.Build.0 = Debug|Any CPU
		{8DC60ED4-4D23-4551-A2D4-C1E9E78C3DF7}.Release|Any CPU.ActiveCfg = Release|Any CPU
		{8DC60ED4-4D23-4551-A2D4-C1E9E78C3DF7}.Release|Any CPU.Build.0 = Release|Any CPU
		{520F9D7B-2D39-47D8-B3F0-E56738E6C8EE}.Debug|Any CPU.ActiveCfg = Debug|Any CPU
		{520F9D7B-2D39-47D8-B3F0-E56738E6C8EE}.Debug|Any CPU.Build.0 = Debug|Any CPU
		{520F9D7B-2D39-47D8-B3F0-E56738E6C8EE}.Release|Any CPU.ActiveCfg = Release|Any CPU
		{520F9D7B-2D39-47D8-B3F0-E56738E6C8EE}.Release|Any CPU.Build.0 = Release|Any CPU
	EndGlobalSection
	GlobalSection(SolutionProperties) = preSolution
		HideSolutionNode = FALSE
	EndGlobalSection
	GlobalSection(NestedProjects) = preSolution
		{60DFFDC8-7849-4711-9397-FB141B1598D8} = {DB304B70-62C1-4F92-A16E-CB3BBCF27C38}
		{8DC60ED4-4D23-4551-A2D4-C1E9E78C3DF7} = {0C191FF0-45C7-460F-AD35-C7D11B7A4A48}
		{520F9D7B-2D39-47D8-B3F0-E56738E6C8EE} = {8C236904-8439-46A2-A6EA-90630AD2BE76}
	EndGlobalSection
EndGlobal
